{
  "name": "mengwan-dev-cli",
  "version": "1.0.3",
  "lockfileVersion": 2,
  "requires": true,
  "packages": {
    "": {
      "name": "mengwan-dev-cli",
      "version": "1.0.3",
      "license": "ISC",
      "dependencies": {
        "mengwan-dev-cli-bin": "^1.0.0"
      },
      "bin": {
        "mengwan-dev-cli": "bin/index.js"
      }
    },
    "../mengwan-dev-cli-bin": {
      "version": "1.0.0",
      "license": "ISC"
    },
    "node_modules/mengwan-dev-cli-bin": {
      "resolved": "../mengwan-dev-cli-bin",
      "link": true
    }
  },
  "dependencies": {
    "mengwan-dev-cli-bin": {
      "version": "file:../mengwan-dev-cli-bin"
    }
  }
}
